
Microsoft Visual Studio Solution File, Format Version 12.00
# Visual Studio Version 16
VisualStudioVersion = 16.0.29709.97
MinimumVisualStudioVersion = 10.0.40219.1
Project("{FAE04EC0-301F-11D3-BF4B-00C04F79EFBC}") = "CardPortfolio", "CardPortfolio.csproj", "{74F230FB-32C1-4004-848A-53B8B655A6DB}"
EndProject
Global
	GlobalSection(SolutionConfigurationPlatforms) = preSolution
		Debug|Any CPU = Debug|Any CPU
		Release|Any CPU = Release|Any CPU
	EndGlobalSection
	GlobalSection(ProjectConfigurationPlatforms) = postSolution
		{74F230FB-32C1-4004-848A-53B8B655A6DB}.Debug|Any CPU.ActiveCfg = Debug|Any CPU
		{74F230FB-32C1-4004-848A-53B8B655A6DB}.Debug|Any CPU.Build.0 = Debug|Any CPU
		{74F230FB-32C1-4004-848A-53B8B655A6DB}.Release|Any CPU.ActiveCfg = Release|Any CPU
		{74F230FB-32C1-4004-848A-53B8B655A6DB}.Release|Any CPU.Build.0 = Release|Any CPU
	EndGlobalSection
	GlobalSection(SolutionProperties) = preSolution
		HideSolutionNode = FALSE
	EndGlobalSection
	GlobalSection(ExtensibilityGlobals) = postSolution
		SolutionGuid = {A85F2C1C-B01C-40EE-A7E9-80E40B327719}
	EndGlobalSection
EndGlobal
